# This file is autogenerated, do not edit; changes may be undone by the next 'dep ensure'.


[[projects]]
  name = "github.com/PuerkitoBio/goquery"
  packages = ["."]
  revision = "dc2ec5c7ca4d9aae063b79b9f581dd3ea6afd2b2"
  version = "v1.4.1"

[[projects]]
  name = "github.com/andybalholm/cascadia"
  packages = ["."]
  revision = "901648c87902174f774fac311d7f176f8647bdaa"
  version = "v1.0.0"

[[projects]]
  name = "github.com/sclevine/agouti"
  packages = [
    ".",
    "api",
    "api/internal/bus",
    "api/internal/service",
    "internal/element",
    "internal/target"
  ]
  revision = "e3f6c97a4077ad821daab49db8172cf9f6690faf"
  version = "v3.0.0"

[[projects]]
  branch = "master"
  name = "golang.org/x/net"
  packages = [
    "html",
    "html/atom"
  ]
  revision = "161cd47e91fd58ac17490ef4d742dc98bb4cf60e"

[solve-meta]
  analyzer-name = "dep"
  analyzer-version = 1
  inputs-digest = "3e3854710fd05535184be599969c4075b22150ece282ac65903edb93ec818689"
  solver-name = "gps-cdcl"
  solver-version = 1
